// !$*UTF8*$!
{
	archiveVersion = 1;
	classes = {
	};
	objectVersion = 50;
	objects = {

/* Begin PBXBuildFile section */
		529857BAC79D5BEA7EF9D145 /* Pods_HotchSportsTests.framework in Frameworks */ = {isa = PBXBuildFile; fileRef = 4C00A8B9237FDDE9740C98E5 /* Pods_HotchSportsTests.framework */; };
		59461280D6D1DF2EB2D2C0BF /* Pods_HotchSports.framework in Frameworks */ = {isa = PBXBuildFile; fileRef = B6B9F33F097FA8B84D340140 /* Pods_HotchSports.framework */; };
		8F3461F921E4302700D88F70 /* Podfile in Resources */ = {isa = PBXBuildFile; fileRef = 8F3461F821E4302700D88F70 /* Podfile */; };
		8F5EB65421C94F9700E929CF /* AppDelegate.swift in Sources */ = {isa = PBXBuildFile; fileRef = 8F5EB65321C94F9700E929CF /* AppDelegate.swift */; };
		8F5EB65921C94F9700E929CF /* Main.storyboard in Resources */ = {isa = PBXBuildFile; fileRef = 8F5EB65721C94F9700E929CF /* Main.storyboard */; };
		8F5EB65B21C94F9900E929CF /* Assets.xcassets in Resources */ = {isa = PBXBuildFile; fileRef = 8F5EB65A21C94F9900E929CF /* Assets.xcassets */; };
		8F5EB65E21C94F9900E929CF /* LaunchScreen.storyboard in Resources */ = {isa = PBXBuildFile; fileRef = 8F5EB65C21C94F9900E929CF /* LaunchScreen.storyboard */; };
		8F5EB66921C94F9900E929CF /* HotchSportsTests.swift in Sources */ = {isa = PBXBuildFile; fileRef = 8F5EB66821C94F9900E929CF /* HotchSportsTests.swift */; };
		8F5EB67421C94F9900E929CF /* HotchSportsUITests.swift in Sources */ = {isa = PBXBuildFile; fileRef = 8F5EB67321C94F9900E929CF /* HotchSportsUITests.swift */; };
		8F8A4DD721CB035C00628A43 /* SelectNotificationsViewController.swift in Sources */ = {isa = PBXBuildFile; fileRef = 8F8A4DC121CB035800628A43 /* SelectNotificationsViewController.swift */; };
		8F8A4DD821CB035C00628A43 /* NewsFilterTableViewController.swift in Sources */ = {isa = PBXBuildFile; fileRef = 8F8A4DC221CB035900628A43 /* NewsFilterTableViewController.swift */; };
		8F8A4DD921CB035C00628A43 /* NewsViewController.swift in Sources */ = {isa = PBXBuildFile; fileRef = 8F8A4DC321CB035900628A43 /* NewsViewController.swift */; };
		8F8A4DDA21CB035C00628A43 /* ScoreViewController.swift in Sources */ = {isa = PBXBuildFile; fileRef = 8F8A4DC421CB035900628A43 /* ScoreViewController.swift */; };
		8F8A4DDC21CB035C00628A43 /* SocialFilterTableViewController.swift in Sources */ = {isa = PBXBuildFile; fileRef = 8F8A4DC621CB035900628A43 /* SocialFilterTableViewController.swift */; };
		8F8A4DDD21CB035C00628A43 /* SocialViewController.swift in Sources */ = {isa = PBXBuildFile; fileRef = 8F8A4DC721CB035900628A43 /* SocialViewController.swift */; };
		8F8A4DDE21CB035C00628A43 /* TeamTableViewController.swift in Sources */ = {isa = PBXBuildFile; fileRef = 8F8A4DC821CB035A00628A43 /* TeamTableViewController.swift */; };
		8F8A4DDF21CB035C00628A43 /* VideoViewController.swift in Sources */ = {isa = PBXBuildFile; fileRef = 8F8A4DC921CB035A00628A43 /* VideoViewController.swift */; };
		8F8A4DE021CB035C00628A43 /* NewsItem.swift in Sources */ = {isa = PBXBuildFile; fileRef = 8F8A4DCA21CB035A00628A43 /* NewsItem.swift */; };
		8F8A4DE121CB035C00628A43 /* NewsItemViewController.swift in Sources */ = {isa = PBXBuildFile; fileRef = 8F8A4DCB21CB035A00628A43 /* NewsItemViewController.swift */; };
		8F8A4DE221CB035C00628A43 /* ScoreItem.swift in Sources */ = {isa = PBXBuildFile; fileRef = 8F8A4DCC21CB035A00628A43 /* ScoreItem.swift */; };
		8F8A4DE321CB035C00628A43 /* Team.swift in Sources */ = {isa = PBXBuildFile; fileRef = 8F8A4DCD21CB035A00628A43 /* Team.swift */; };
		8F8A4DE421CB035C00628A43 /* Opponent.swift in Sources */ = {isa = PBXBuildFile; fileRef = 8F8A4DCE21CB035A00628A43 /* Opponent.swift */; };
		8F8A4DE521CB035C00628A43 /* ScoreFilterTableViewController.swift in Sources */ = {isa = PBXBuildFile; fileRef = 8F8A4DCF21CB035A00628A43 /* ScoreFilterTableViewController.swift */; };
		8F8A4DE621CB035C00628A43 /* TeamRecordItem.swift in Sources */ = {isa = PBXBuildFile; fileRef = 8F8A4DD021CB035A00628A43 /* TeamRecordItem.swift */; };
		8F8A4DE721CB035C00628A43 /* TeamScoreViewController.swift in Sources */ = {isa = PBXBuildFile; fileRef = 8F8A4DD121CB035B00628A43 /* TeamScoreViewController.swift */; };
		8F8A4DE921CB035C00628A43 /* VideoItem.swift in Sources */ = {isa = PBXBuildFile; fileRef = 8F8A4DD321CB035B00628A43 /* VideoItem.swift */; };
		8F8A4DEA21CB035C00628A43 /* SettingsViewController.swift in Sources */ = {isa = PBXBuildFile; fileRef = 8F8A4DD421CB035B00628A43 /* SettingsViewController.swift */; };
		E6F001E8E5321A573D1E4C53 /* Pods_HotchSportsUITests.framework in Frameworks */ = {isa = PBXBuildFile; fileRef = D20C21633FA00CA34DEECE36 /* Pods_HotchSportsUITests.framework */; };
/* End PBXBuildFile section */

/* Begin PBXContainerItemProxy section */
		8F5EB66521C94F9900E929CF /* PBXContainerItemProxy */ = {
			isa = PBXContainerItemProxy;
			containerPortal = 8F5EB64821C94F9700E929CF /* Project object */;
			proxyType = 1;
			remoteGlobalIDString = 8F5EB64F21C94F9700E929CF;
			remoteInfo = HotchSports;
		};
		8F5EB67021C94F9900E929CF /* PBXContainerItemProxy */ = {
			isa = PBXContainerItemProxy;
			containerPortal = 8F5EB64821C94F9700E929CF /* Project object */;
			proxyType = 1;
			remoteGlobalIDString = 8F5EB64F21C94F9700E929CF;
			remoteInfo = HotchSports;
		};
/* End PBXContainerItemProxy section */

/* Begin PBXFileReference section */
		22EF3335A3A930B6B852D972 /* Pods-HotchSportsTests.release.xcconfig */ = {isa = PBXFileReference; includeInIndex = 1; lastKnownFileType = text.xcconfig; name = "Pods-HotchSportsTests.release.xcconfig"; path = "Pods/Target Support Files/Pods-HotchSportsTests/Pods-HotchSportsTests.release.xcconfig"; sourceTree = "<group>"; };
		3AD3AE84D9D211C53795C791 /* Pods-HotchSportsUITests.release.xcconfig */ = {isa = PBXFileReference; includeInIndex = 1; lastKnownFileType = text.xcconfig; name = "Pods-HotchSportsUITests.release.xcconfig"; path = "Pods/Target Support Files/Pods-HotchSportsUITests/Pods-HotchSportsUITests.release.xcconfig"; sourceTree = "<group>"; };
		4C00A8B9237FDDE9740C98E5 /* Pods_HotchSportsTests.framework */ = {isa = PBXFileReference; explicitFileType = wrapper.framework; includeInIndex = 0; path = Pods_HotchSportsTests.framework; sourceTree = BUILT_PRODUCTS_DIR; };
		8D483F1A8BA2A912FCB74C55 /* Pods-HotchSports.debug.xcconfig */ = {isa = PBXFileReference; includeInIndex = 1; lastKnownFileType = text.xcconfig; name = "Pods-HotchSports.debug.xcconfig"; path = "Pods/Target Support Files/Pods-HotchSports/Pods-HotchSports.debug.xcconfig"; sourceTree = "<group>"; };
		8F3461F821E4302700D88F70 /* Podfile */ = {isa = PBXFileReference; fileEncoding = 4; lastKnownFileType = text; path = Podfile; sourceTree = SOURCE_ROOT; xcLanguageSpecificationIdentifier = xcode.lang.ruby; };
		8F5EB65021C94F9700E929CF /* HotchSports.app */ = {isa = PBXFileReference; explicitFileType = wrapper.application; includeInIndex = 0; path = HotchSports.app; sourceTree = BUILT_PRODUCTS_DIR; };
		8F5EB65321C94F9700E929CF /* AppDelegate.swift */ = {isa = PBXFileReference; lastKnownFileType = sourcecode.swift; path = AppDelegate.swift; sourceTree = "<group>"; };
		8F5EB65821C94F9700E929CF /* Base */ = {isa = PBXFileReference; lastKnownFileType = file.storyboard; name = Base; path = Base.lproj/Main.storyboard; sourceTree = "<group>"; };
		8F5EB65A21C94F9900E929CF /* Assets.xcassets */ = {isa = PBXFileReference; lastKnownFileType = folder.assetcatalog; path = Assets.xcassets; sourceTree = "<group>"; };
		8F5EB65D21C94F9900E929CF /* Base */ = {isa = PBXFileReference; lastKnownFileType = file.storyboard; name = Base; path = Base.lproj/LaunchScreen.storyboard; sourceTree = "<group>"; };
		8F5EB65F21C94F9900E929CF /* Info.plist */ = {isa = PBXFileReference; lastKnownFileType = text.plist.xml; path = Info.plist; sourceTree = "<group>"; };
		8F5EB66421C94F9900E929CF /* HotchSportsTests.xctest */ = {isa = PBXFileReference; explicitFileType = wrapper.cfbundle; includeInIndex = 0; path = HotchSportsTests.xctest; sourceTree = BUILT_PRODUCTS_DIR; };
		8F5EB66821C94F9900E929CF /* HotchSportsTests.swift */ = {isa = PBXFileReference; lastKnownFileType = sourcecode.swift; path = HotchSportsTests.swift; sourceTree = "<group>"; };
		8F5EB66A21C94F9900E929CF /* Info.plist */ = {isa = PBXFileReference; lastKnownFileType = text.plist.xml; path = Info.plist; sourceTree = "<group>"; };
		8F5EB66F21C94F9900E929CF /* HotchSportsUITests.xctest */ = {isa = PBXFileReference; explicitFileType = wrapper.cfbundle; includeInIndex = 0; path = HotchSportsUITests.xctest; sourceTree = BUILT_PRODUCTS_DIR; };
		8F5EB67321C94F9900E929CF /* HotchSportsUITests.swift */ = {isa = PBXFileReference; lastKnownFileType = sourcecode.swift; path = HotchSportsUITests.swift; sourceTree = "<group>"; };
		8F5EB67521C94F9900E929CF /* Info.plist */ = {isa = PBXFileReference; lastKnownFileType = text.plist.xml; path = Info.plist; sourceTree = "<group>"; };
		8F8A4DC121CB035800628A43 /* SelectNotificationsViewController.swift */ = {isa = PBXFileReference; fileEncoding = 4; lastKnownFileType = sourcecode.swift; path = SelectNotificationsViewController.swift; sourceTree = "<group>"; };
		8F8A4DC221CB035900628A43 /* NewsFilterTableViewController.swift */ = {isa = PBXFileReference; fileEncoding = 4; lastKnownFileType = sourcecode.swift; path = NewsFilterTableViewController.swift; sourceTree = "<group>"; };
		8F8A4DC321CB035900628A43 /* NewsViewController.swift */ = {isa = PBXFileReference; fileEncoding = 4; lastKnownFileType = sourcecode.swift; path = NewsViewController.swift; sourceTree = "<group>"; };
		8F8A4DC421CB035900628A43 /* ScoreViewController.swift */ = {isa = PBXFileReference; fileEncoding = 4; lastKnownFileType = sourcecode.swift; path = ScoreViewController.swift; sourceTree = "<group>"; };
		8F8A4DC621CB035900628A43 /* SocialFilterTableViewController.swift */ = {isa = PBXFileReference; fileEncoding = 4; lastKnownFileType = sourcecode.swift; path = SocialFilterTableViewController.swift; sourceTree = "<group>"; };
		8F8A4DC721CB035900628A43 /* SocialViewController.swift */ = {isa = PBXFileReference; fileEncoding = 4; lastKnownFileType = sourcecode.swift; path = SocialViewController.swift; sourceTree = "<group>"; };
		8F8A4DC821CB035A00628A43 /* TeamTableViewController.swift */ = {isa = PBXFileReference; fileEncoding = 4; lastKnownFileType = sourcecode.swift; path = TeamTableViewController.swift; sourceTree = "<group>"; };
		8F8A4DC921CB035A00628A43 /* VideoViewController.swift */ = {isa = PBXFileReference; fileEncoding = 4; lastKnownFileType = sourcecode.swift; path = VideoViewController.swift; sourceTree = "<group>"; };
		8F8A4DCA21CB035A00628A43 /* NewsItem.swift */ = {isa = PBXFileReference; fileEncoding = 4; lastKnownFileType = sourcecode.swift; path = NewsItem.swift; sourceTree = "<group>"; };
		8F8A4DCB21CB035A00628A43 /* NewsItemViewController.swift */ = {isa = PBXFileReference; fileEncoding = 4; lastKnownFileType = sourcecode.swift; path = NewsItemViewController.swift; sourceTree = "<group>"; };
		8F8A4DCC21CB035A00628A43 /* ScoreItem.swift */ = {isa = PBXFileReference; fileEncoding = 4; lastKnownFileType = sourcecode.swift; path = ScoreItem.swift; sourceTree = "<group>"; };
		8F8A4DCD21CB035A00628A43 /* Team.swift */ = {isa = PBXFileReference; fileEncoding = 4; lastKnownFileType = sourcecode.swift; path = Team.swift; sourceTree = "<group>"; };
		8F8A4DCE21CB035A00628A43 /* Opponent.swift */ = {isa = PBXFileReference; fileEncoding = 4; lastKnownFileType = sourcecode.swift; path = Opponent.swift; sourceTree = "<group>"; };
		8F8A4DCF21CB035A00628A43 /* ScoreFilterTableViewController.swift */ = {isa = PBXFileReference; fileEncoding = 4; lastKnownFileType = sourcecode.swift; path = ScoreFilterTableViewController.swift; sourceTree = "<group>"; };
		8F8A4DD021CB035A00628A43 /* TeamRecordItem.swift */ = {isa = PBXFileReference; fileEncoding = 4; lastKnownFileType = sourcecode.swift; path = TeamRecordItem.swift; sourceTree = "<group>"; };
		8F8A4DD121CB035B00628A43 /* TeamScoreViewController.swift */ = {isa = PBXFileReference; fileEncoding = 4; lastKnownFileType = sourcecode.swift; path = TeamScoreViewController.swift; sourceTree = "<group>"; };
		8F8A4DD321CB035B00628A43 /* VideoItem.swift */ = {isa = PBXFileReference; fileEncoding = 4; lastKnownFileType = sourcecode.swift; path = VideoItem.swift; sourceTree = "<group>"; };
		8F8A4DD421CB035B00628A43 /* SettingsViewController.swift */ = {isa = PBXFileReference; fileEncoding = 4; lastKnownFileType = sourcecode.swift; path = SettingsViewController.swift; sourceTree = "<group>"; };
		9275BB5EE6B5ED666064BEA0 /* Pods-HotchSportsUITests.debug.xcconfig */ = {isa = PBXFileReference; includeInIndex = 1; lastKnownFileType = text.xcconfig; name = "Pods-HotchSportsUITests.debug.xcconfig"; path = "Pods/Target Support Files/Pods-HotchSportsUITests/Pods-HotchSportsUITests.debug.xcconfig"; sourceTree = "<group>"; };
		A42E559C4BE601B900505732 /* Pods-HotchSportsTests.debug.xcconfig */ = {isa = PBXFileReference; includeInIndex = 1; lastKnownFileType = text.xcconfig; name = "Pods-HotchSportsTests.debug.xcconfig"; path = "Pods/Target Support Files/Pods-HotchSportsTests/Pods-HotchSportsTests.debug.xcconfig"; sourceTree = "<group>"; };
		B6B9F33F097FA8B84D340140 /* Pods_HotchSports.framework */ = {isa = PBXFileReference; explicitFileType = wrapper.framework; includeInIndex = 0; path = Pods_HotchSports.framework; sourceTree = BUILT_PRODUCTS_DIR; };
		D20C21633FA00CA34DEECE36 /* Pods_HotchSportsUITests.framework */ = {isa = PBXFileReference; explicitFileType = wrapper.framework; includeInIndex = 0; path = Pods_HotchSportsUITests.framework; sourceTree = BUILT_PRODUCTS_DIR; };
		F71150500A0DA30D44DA4B3F /* Pods-HotchSports.release.xcconfig */ = {isa = PBXFileReference; includeInIndex = 1; lastKnownFileType = text.xcconfig; name = "Pods-HotchSports.release.xcconfig"; path = "Pods/Target Support Files/Pods-HotchSports/Pods-HotchSports.release.xcconfig"; sourceTree = "<group>"; };
/* End PBXFileReference section */

/* Begin PBXFrameworksBuildPhase section */
		8F5EB64D21C94F9700E929CF /* Frameworks */ = {
			isa = PBXFrameworksBuildPhase;
			buildActionMask = 2147483647;
			files = (
				59461280D6D1DF2EB2D2C0BF /* Pods_HotchSports.framework in Frameworks */,
			);
			runOnlyForDeploymentPostprocessing = 0;
		};
		8F5EB66121C94F9900E929CF /* Frameworks */ = {
			isa = PBXFrameworksBuildPhase;
			buildActionMask = 2147483647;
			files = (
				529857BAC79D5BEA7EF9D145 /* Pods_HotchSportsTests.framework in Frameworks */,
			);
			runOnlyForDeploymentPostprocessing = 0;
		};
		8F5EB66C21C94F9900E929CF /* Frameworks */ = {
			isa = PBXFrameworksBuildPhase;
			buildActionMask = 2147483647;
			files = (
				E6F001E8E5321A573D1E4C53 /* Pods_HotchSportsUITests.framework in Frameworks */,
			);
			runOnlyForDeploymentPostprocessing = 0;
		};
/* End PBXFrameworksBuildPhase section */

/* Begin PBXGroup section */
		07109955F899F85795555FDA /* Frameworks */ = {
			isa = PBXGroup;
			children = (
				B6B9F33F097FA8B84D340140 /* Pods_HotchSports.framework */,
				4C00A8B9237FDDE9740C98E5 /* Pods_HotchSportsTests.framework */,
				D20C21633FA00CA34DEECE36 /* Pods_HotchSportsUITests.framework */,
			);
			name = Frameworks;
			sourceTree = "<group>";
		};
		8F5EB64721C94F9700E929CF = {
			isa = PBXGroup;
			children = (
				8F5EB65221C94F9700E929CF /* HotchSports */,
				8F5EB66721C94F9900E929CF /* HotchSportsTests */,
				8F5EB67221C94F9900E929CF /* HotchSportsUITests */,
				8F5EB65121C94F9700E929CF /* Products */,
				96707A6CF699445B316B3B48 /* Pods */,
				07109955F899F85795555FDA /* Frameworks */,
			);
			sourceTree = "<group>";
		};
		8F5EB65121C94F9700E929CF /* Products */ = {
			isa = PBXGroup;
			children = (
				8F5EB65021C94F9700E929CF /* HotchSports.app */,
				8F5EB66421C94F9900E929CF /* HotchSportsTests.xctest */,
				8F5EB66F21C94F9900E929CF /* HotchSportsUITests.xctest */,
			);
			name = Products;
			sourceTree = "<group>";
		};
		8F5EB65221C94F9700E929CF /* HotchSports */ = {
			isa = PBXGroup;
			children = (
				8F3461F821E4302700D88F70 /* Podfile */,
				8F5EB65321C94F9700E929CF /* AppDelegate.swift */,
				8F5EB65F21C94F9900E929CF /* Info.plist */,
				8F5EB65721C94F9700E929CF /* Main.storyboard */,
				8F5EB65C21C94F9900E929CF /* LaunchScreen.storyboard */,
				8F5EB65A21C94F9900E929CF /* Assets.xcassets */,
				8F8A4DEC21CB039100628A43 /* Model */,
				8F85D88C21CB03E700F1DFCD /* Score */,
				8F85D88D21CB040F00F1DFCD /* Team */,
				8F8A4DED21CB03B000628A43 /* News */,
				8F85D88E21CB043900F1DFCD /* VideoSocial */,
				8F85D88F21CB045C00F1DFCD /* Settings */,
			);
			path = HotchSports;
			sourceTree = "<group>";
		};
		8F5EB66721C94F9900E929CF /* HotchSportsTests */ = {
			isa = PBXGroup;
			children = (
				8F5EB66821C94F9900E929CF /* HotchSportsTests.swift */,
				8F5EB66A21C94F9900E929CF /* Info.plist */,
			);
			path = HotchSportsTests;
			sourceTree = "<group>";
		};
		8F5EB67221C94F9900E929CF /* HotchSportsUITests */ = {
			isa = PBXGroup;
			children = (
				8F5EB67321C94F9900E929CF /* HotchSportsUITests.swift */,
				8F5EB67521C94F9900E929CF /* Info.plist */,
			);
			path = HotchSportsUITests;
			sourceTree = "<group>";
		};
		8F85D88C21CB03E700F1DFCD /* Score */ = {
			isa = PBXGroup;
			children = (
				8F8A4DC421CB035900628A43 /* ScoreViewController.swift */,
				8F8A4DCF21CB035A00628A43 /* ScoreFilterTableViewController.swift */,
			);
			path = Score;
			sourceTree = "<group>";
		};
		8F85D88D21CB040F00F1DFCD /* Team */ = {
			isa = PBXGroup;
			children = (
				8F8A4DC821CB035A00628A43 /* TeamTableViewController.swift */,
				8F8A4DD121CB035B00628A43 /* TeamScoreViewController.swift */,
			);
			path = Team;
			sourceTree = "<group>";
		};
		8F85D88E21CB043900F1DFCD /* VideoSocial */ = {
			isa = PBXGroup;
			children = (
				8F8A4DC921CB035A00628A43 /* VideoViewController.swift */,
				8F8A4DC721CB035900628A43 /* SocialViewController.swift */,
				8F8A4DC621CB035900628A43 /* SocialFilterTableViewController.swift */,
			);
			path = VideoSocial;
			sourceTree = "<group>";
		};
		8F85D88F21CB045C00F1DFCD /* Settings */ = {
			isa = PBXGroup;
			children = (
				8F8A4DD421CB035B00628A43 /* SettingsViewController.swift */,
				8F8A4DC121CB035800628A43 /* SelectNotificationsViewController.swift */,
			);
			path = Settings;
			sourceTree = "<group>";
		};
		8F8A4DEC21CB039100628A43 /* Model */ = {
			isa = PBXGroup;
			children = (
				8F8A4DCD21CB035A00628A43 /* Team.swift */,
				8F8A4DCE21CB035A00628A43 /* Opponent.swift */,
				8F8A4DCC21CB035A00628A43 /* ScoreItem.swift */,
				8F8A4DCA21CB035A00628A43 /* NewsItem.swift */,
				8F8A4DD321CB035B00628A43 /* VideoItem.swift */,
				8F8A4DD021CB035A00628A43 /* TeamRecordItem.swift */,
			);
			name = Model;
			sourceTree = "<group>";
		};
		8F8A4DED21CB03B000628A43 /* News */ = {
			isa = PBXGroup;
			children = (
				8F8A4DC321CB035900628A43 /* NewsViewController.swift */,
				8F8A4DCB21CB035A00628A43 /* NewsItemViewController.swift */,
				8F8A4DC221CB035900628A43 /* NewsFilterTableViewController.swift */,
			);
			path = News;
			sourceTree = "<group>";
		};
		96707A6CF699445B316B3B48 /* Pods */ = {
			isa = PBXGroup;
			children = (
				8D483F1A8BA2A912FCB74C55 /* Pods-HotchSports.debug.xcconfig */,
				F71150500A0DA30D44DA4B3F /* Pods-HotchSports.release.xcconfig */,
				A42E559C4BE601B900505732 /* Pods-HotchSportsTests.debug.xcconfig */,
				22EF3335A3A930B6B852D972 /* Pods-HotchSportsTests.release.xcconfig */,
				9275BB5EE6B5ED666064BEA0 /* Pods-HotchSportsUITests.debug.xcconfig */,
				3AD3AE84D9D211C53795C791 /* Pods-HotchSportsUITests.release.xcconfig */,
			);
			name = Pods;
			sourceTree = "<group>";
		};
/* End PBXGroup section */

/* Begin PBXNativeTarget section */
		8F5EB64F21C94F9700E929CF /* HotchSports */ = {
			isa = PBXNativeTarget;
			buildConfigurationList = 8F5EB67821C94F9900E929CF /* Build configuration list for PBXNativeTarget "HotchSports" */;
			buildPhases = (
				4F857438DD79A1D91A786A82 /* [CP] Check Pods Manifest.lock */,
				8F5EB64C21C94F9700E929CF /* Sources */,
				8F5EB64D21C94F9700E929CF /* Frameworks */,
				8F5EB64E21C94F9700E929CF /* Resources */,
				8A90C85AAA84967B4289B5DF /* [CP] Embed Pods Frameworks */,
			);
			buildRules = (
			);
			dependencies = (
			);
			name = HotchSports;
			productName = HotchSports;
			productReference = 8F5EB65021C94F9700E929CF /* HotchSports.app */;
			productType = "com.apple.product-type.application";
		};
		8F5EB66321C94F9900E929CF /* HotchSportsTests */ = {
			isa = PBXNativeTarget;
			buildConfigurationList = 8F5EB67B21C94F9900E929CF /* Build configuration list for PBXNativeTarget "HotchSportsTests" */;
			buildPhases = (
				524D703B136B5D1260E9F7B2 /* [CP] Check Pods Manifest.lock */,
				8F5EB66021C94F9900E929CF /* Sources */,
				8F5EB66121C94F9900E929CF /* Frameworks */,
				8F5EB66221C94F9900E929CF /* Resources */,
			);
			buildRules = (
			);
			dependencies = (
				8F5EB66621C94F9900E929CF /* PBXTargetDependency */,
			);
			name = HotchSportsTests;
			productName = HotchSportsTests;
			productReference = 8F5EB66421C94F9900E929CF /* HotchSportsTests.xctest */;
			productType = "com.apple.product-type.bundle.unit-test";
		};
		8F5EB66E21C94F9900E929CF /* HotchSportsUITests */ = {
			isa = PBXNativeTarget;
			buildConfigurationList = 8F5EB67E21C94F9900E929CF /* Build configuration list for PBXNativeTarget "HotchSportsUITests" */;
			buildPhases = (
				5E92E72A8A98DC0B4A9A755A /* [CP] Check Pods Manifest.lock */,
				8F5EB66B21C94F9900E929CF /* Sources */,
				8F5EB66C21C94F9900E929CF /* Frameworks */,
				8F5EB66D21C94F9900E929CF /* Resources */,
			);
			buildRules = (
			);
			dependencies = (
				8F5EB67121C94F9900E929CF /* PBXTargetDependency */,
			);
			name = HotchSportsUITests;
			productName = HotchSportsUITests;
			productReference = 8F5EB66F21C94F9900E929CF /* HotchSportsUITests.xctest */;
			productType = "com.apple.product-type.bundle.ui-testing";
		};
/* End PBXNativeTarget section */

/* Begin PBXProject section */
		8F5EB64821C94F9700E929CF /* Project object */ = {
			isa = PBXProject;
			attributes = {
				LastSwiftUpdateCheck = 0940;
				LastUpgradeCheck = 0940;
				ORGANIZATIONNAME = "The Hotchkiss School";
				TargetAttributes = {
					8F5EB64F21C94F9700E929CF = {
						CreatedOnToolsVersion = 9.4.1;
					};
					8F5EB66321C94F9900E929CF = {
						CreatedOnToolsVersion = 9.4.1;
						TestTargetID = 8F5EB64F21C94F9700E929CF;
					};
					8F5EB66E21C94F9900E929CF = {
						CreatedOnToolsVersion = 9.4.1;
						TestTargetID = 8F5EB64F21C94F9700E929CF;
					};
				};
			};
			buildConfigurationList = 8F5EB64B21C94F9700E929CF /* Build configuration list for PBXProject "HotchSports" */;
			compatibilityVersion = "Xcode 9.3";
			developmentRegion = en;
			hasScannedForEncodings = 0;
			knownRegions = (
				en,
				Base,
			);
			mainGroup = 8F5EB64721C94F9700E929CF;
			productRefGroup = 8F5EB65121C94F9700E929CF /* Products */;
			projectDirPath = "";
			projectRoot = "";
			targets = (
				8F5EB64F21C94F9700E929CF /* HotchSports */,
				8F5EB66321C94F9900E929CF /* HotchSportsTests */,
				8F5EB66E21C94F9900E929CF /* HotchSportsUITests */,
			);
		};
/* End PBXProject section */

/* Begin PBXResourcesBuildPhase section */
		8F5EB64E21C94F9700E929CF /* Resources */ = {
			isa = PBXResourcesBuildPhase;
			buildActionMask = 2147483647;
			files = (
				8F5EB65E21C94F9900E929CF /* LaunchScreen.storyboard in Resources */,
				8F5EB65B21C94F9900E929CF /* Assets.xcassets in Resources */,
				8F3461F921E4302700D88F70 /* Podfile in Resources */,
				8F5EB65921C94F9700E929CF /* Main.storyboard in Resources */,
			);
			runOnlyForDeploymentPostprocessing = 0;
		};
		8F5EB66221C94F9900E929CF /* Resources */ = {
			isa = PBXResourcesBuildPhase;
			buildActionMask = 2147483647;
			files = (
			);
			runOnlyForDeploymentPostprocessing = 0;
		};
		8F5EB66D21C94F9900E929CF /* Resources */ = {
			isa = PBXResourcesBuildPhase;
			buildActionMask = 2147483647;
			files = (
			);
			runOnlyForDeploymentPostprocessing = 0;
		};
/* End PBXResourcesBuildPhase section */

/* Begin PBXShellScriptBuildPhase section */
		4F857438DD79A1D91A786A82 /* [CP] Check Pods Manifest.lock */ = {
			isa = PBXShellScriptBuildPhase;
			buildActionMask = 2147483647;
			files = (
			);
			inputPaths = (
				"${PODS_PODFILE_DIR_PATH}/Podfile.lock",
				"${PODS_ROOT}/Manifest.lock",
			);
			name = "[CP] Check Pods Manifest.lock";
			outputPaths = (
				"$(DERIVED_FILE_DIR)/Pods-HotchSports-checkManifestLockResult.txt",
			);
			runOnlyForDeploymentPostprocessing = 0;
			shellPath = /bin/sh;
			shellScript = "diff \"${PODS_PODFILE_DIR_PATH}/Podfile.lock\" \"${PODS_ROOT}/Manifest.lock\" > /dev/null\nif [ $? != 0 ] ; then\n    # print error to STDERR\n    echo \"error: The sandbox is not in sync with the Podfile.lock. Run 'pod install' or update your CocoaPods installation.\" >&2\n    exit 1\nfi\n# This output is used by Xcode 'outputs' to avoid re-running this script phase.\necho \"SUCCESS\" > \"${SCRIPT_OUTPUT_FILE_0}\"\n";
			showEnvVarsInLog = 0;
		};
		524D703B136B5D1260E9F7B2 /* [CP] Check Pods Manifest.lock */ = {
			isa = PBXShellScriptBuildPhase;
			buildActionMask = 2147483647;
			files = (
			);
			inputPaths = (
				"${PODS_PODFILE_DIR_PATH}/Podfile.lock",
				"${PODS_ROOT}/Manifest.lock",
			);
			name = "[CP] Check Pods Manifest.lock";
			outputPaths = (
				"$(DERIVED_FILE_DIR)/Pods-HotchSportsTests-checkManifestLockResult.txt",
			);
			runOnlyForDeploymentPostprocessing = 0;
			shellPath = /bin/sh;
			shellScript = "diff \"${PODS_PODFILE_DIR_PATH}/Podfile.lock\" \"${PODS_ROOT}/Manifest.lock\" > /dev/null\nif [ $? != 0 ] ; then\n    # print error to STDERR\n    echo \"error: The sandbox is not in sync with the Podfile.lock. Run 'pod install' or update your CocoaPods installation.\" >&2\n    exit 1\nfi\n# This output is used by Xcode 'outputs' to avoid re-running this script phase.\necho \"SUCCESS\" > \"${SCRIPT_OUTPUT_FILE_0}\"\n";
			showEnvVarsInLog = 0;
		};
		5E92E72A8A98DC0B4A9A755A /* [CP] Check Pods Manifest.lock */ = {
			isa = PBXShellScriptBuildPhase;
			buildActionMask = 2147483647;
			files = (
			);
			inputPaths = (
				"${PODS_PODFILE_DIR_PATH}/Podfile.lock",
				"${PODS_ROOT}/Manifest.lock",
			);
			name = "[CP] Check Pods Manifest.lock";
			outputPaths = (
				"$(DERIVED_FILE_DIR)/Pods-HotchSportsUITests-checkManifestLockResult.txt",
			);
			runOnlyForDeploymentPostprocessing = 0;
			shellPath = /bin/sh;
			shellScript = "diff \"${PODS_PODFILE_DIR_PATH}/Podfile.lock\" \"${PODS_ROOT}/Manifest.lock\" > /dev/null\nif [ $? != 0 ] ; then\n    # print error to STDERR\n    echo \"error: The sandbox is not in sync with the Podfile.lock. Run 'pod install' or update your CocoaPods installation.\" >&2\n    exit 1\nfi\n# This output is used by Xcode 'outputs' to avoid re-running this script phase.\necho \"SUCCESS\" > \"${SCRIPT_OUTPUT_FILE_0}\"\n";
			showEnvVarsInLog = 0;
		};
		8A90C85AAA84967B4289B5DF /* [CP] Embed Pods Frameworks */ = {
			isa = PBXShellScriptBuildPhase;
			buildActionMask = 2147483647;
			files = (
			);
			inputPaths = (
				"${SRCROOT}/Pods/Target Support Files/Pods-HotchSports/Pods-HotchSports-frameworks.sh",
				"${BUILT_PRODUCTS_DIR}/SwiftSoup/SwiftSoup.framework",
			);
			name = "[CP] Embed Pods Frameworks";
			outputPaths = (
				"${TARGET_BUILD_DIR}/${FRAMEWORKS_FOLDER_PATH}/SwiftSoup.framework",
			);
			runOnlyForDeploymentPostprocessing = 0;
			shellPath = /bin/sh;
			shellScript = "\"${SRCROOT}/Pods/Target Support Files/Pods-HotchSports/Pods-HotchSports-frameworks.sh\"\n";
			showEnvVarsInLog = 0;
		};
/* End PBXShellScriptBuildPhase section */

/* Begin PBXSourcesBuildPhase section */
		8F5EB64C21C94F9700E929CF /* Sources */ = {
			isa = PBXSourcesBuildPhase;
			buildActionMask = 2147483647;
			files = (
				8F8A4DE921CB035C00628A43 /* VideoItem.swift in Sources */,
				8F8A4DE421CB035C00628A43 /* Opponent.swift in Sources */,
				8F8A4DDA21CB035C00628A43 /* ScoreViewController.swift in Sources */,
				8F8A4DDF21CB035C00628A43 /* VideoViewController.swift in Sources */,
				8F8A4DE021CB035C00628A43 /* NewsItem.swift in Sources */,
				8F8A4DE721CB035C00628A43 /* TeamScoreViewController.swift in Sources */,
				8F8A4DE521CB035C00628A43 /* ScoreFilterTableViewController.swift in Sources */,
				8F5EB65421C94F9700E929CF /* AppDelegate.swift in Sources */,
				8F8A4DE121CB035C00628A43 /* NewsItemViewController.swift in Sources */,
				8F8A4DE221CB035C00628A43 /* ScoreItem.swift in Sources */,
				8F8A4DDD21CB035C00628A43 /* SocialViewController.swift in Sources */,
				8F8A4DEA21CB035C00628A43 /* SettingsViewController.swift in Sources */,
				8F8A4DD921CB035C00628A43 /* NewsViewController.swift in Sources */,
				8F8A4DE621CB035C00628A43 /* TeamRecordItem.swift in Sources */,
				8F8A4DD721CB035C00628A43 /* SelectNotificationsViewController.swift in Sources */,
				8F8A4DE321CB035C00628A43 /* Team.swift in Sources */,
				8F8A4DD821CB035C00628A43 /* NewsFilterTableViewController.swift in Sources */,
				8F8A4DDC21CB035C00628A43 /* SocialFilterTableViewController.swift in Sources */,
				8F8A4DDE21CB035C00628A43 /* TeamTableViewController.swift in Sources */,
			);
			runOnlyForDeploymentPostprocessing = 0;
		};
		8F5EB66021C94F9900E929CF /* Sources */ = {
			isa = PBXSourcesBuildPhase;
			buildActionMask = 2147483647;
			files = (
				8F5EB66921C94F9900E929CF /* HotchSportsTests.swift in Sources */,
			);
			runOnlyForDeploymentPostprocessing = 0;
		};
		8F5EB66B21C94F9900E929CF /* Sources */ = {
			isa = PBXSourcesBuildPhase;
			buildActionMask = 2147483647;
			files = (
				8F5EB67421C94F9900E929CF /* HotchSportsUITests.swift in Sources */,
			);
			runOnlyForDeploymentPostprocessing = 0;
		};
/* End PBXSourcesBuildPhase section */

/* Begin PBXTargetDependency section */
		8F5EB66621C94F9900E929CF /* PBXTargetDependency */ = {
			isa = PBXTargetDependency;
			target = 8F5EB64F21C94F9700E929CF /* HotchSports */;
			targetProxy = 8F5EB66521C94F9900E929CF /* PBXContainerItemProxy */;
		};
		8F5EB67121C94F9900E929CF /* PBXTargetDependency */ = {
			isa = PBXTargetDependency;
			target = 8F5EB64F21C94F9700E929CF /* HotchSports */;
			targetProxy = 8F5EB67021C94F9900E929CF /* PBXContainerItemProxy */;
		};
/* End PBXTargetDependency section */

/* Begin PBXVariantGroup section */
		8F5EB65721C94F9700E929CF /* Main.storyboard */ = {
			isa = PBXVariantGroup;
			children = (
				8F5EB65821C94F9700E929CF /* Base */,
			);
			name = Main.storyboard;
			sourceTree = "<group>";
		};
		8F5EB65C21C94F9900E929CF /* LaunchScreen.storyboard */ = {
			isa = PBXVariantGroup;
			children = (
				8F5EB65D21C94F9900E929CF /* Base */,
			);
			name = LaunchScreen.storyboard;
			sourceTree = "<group>";
		};
/* End PBXVariantGroup section */

/* Begin XCBuildConfiguration section */
		8F5EB67621C94F9900E929CF /* Debug */ = {
			isa = XCBuildConfiguration;
			buildSettings = {
				ALWAYS_SEARCH_USER_PATHS = NO;
				CLANG_ANALYZER_NONNULL = YES;
				CLANG_ANALYZER_NUMBER_OBJECT_CONVERSION = YES_AGGRESSIVE;
				CLANG_CXX_LANGUAGE_STANDARD = "gnu++14";
				CLANG_CXX_LIBRARY = "libc++";
				CLANG_ENABLE_MODULES = YES;
				CLANG_ENABLE_OBJC_ARC = YES;
				CLANG_ENABLE_OBJC_WEAK = YES;
				CLANG_WARN_BLOCK_CAPTURE_AUTORELEASING = YES;
				CLANG_WARN_BOOL_CONVERSION = YES;
				CLANG_WARN_COMMA = YES;
				CLANG_WARN_CONSTANT_CONVERSION = YES;
				CLANG_WARN_DEPRECATED_OBJC_IMPLEMENTATIONS = YES;
				CLANG_WARN_DIRECT_OBJC_ISA_USAGE = YES_ERROR;
				CLANG_WARN_DOCUMENTATION_COMMENTS = YES;
				CLANG_WARN_EMPTY_BODY = YES;
				CLANG_WARN_ENUM_CONVERSION = YES;
				CLANG_WARN_INFINITE_RECURSION = YES;
				CLANG_WARN_INT_CONVERSION = YES;
				CLANG_WARN_NON_LITERAL_NULL_CONVERSION = YES;
				CLANG_WARN_OBJC_IMPLICIT_RETAIN_SELF = YES;
				CLANG_WARN_OBJC_LITERAL_CONVERSION = YES;
				CLANG_WARN_OBJC_ROOT_CLASS = YES_ERROR;
				CLANG_WARN_RANGE_LOOP_ANALYSIS = YES;
				CLANG_WARN_STRICT_PROTOTYPES = YES;
				CLANG_WARN_SUSPICIOUS_MOVE = YES;
				CLANG_WARN_UNGUARDED_AVAILABILITY = YES_AGGRESSIVE;
				CLANG_WARN_UNREACHABLE_CODE = YES;
				CLANG_WARN__DUPLICATE_METHOD_MATCH = YES;
				CODE_SIGN_IDENTITY = "iPhone Developer";
				COPY_PHASE_STRIP = NO;
				DEBUG_INFORMATION_FORMAT = dwarf;
				ENABLE_STRICT_OBJC_MSGSEND = YES;
				ENABLE_TESTABILITY = YES;
				GCC_C_LANGUAGE_STANDARD = gnu11;
				GCC_DYNAMIC_NO_PIC = NO;
				GCC_NO_COMMON_BLOCKS = YES;
				GCC_OPTIMIZATION_LEVEL = 0;
				GCC_PREPROCESSOR_DEFINITIONS = (
					"DEBUG=1",
					"$(inherited)",
				);
				GCC_WARN_64_TO_32_BIT_CONVERSION = YES;
				GCC_WARN_ABOUT_RETURN_TYPE = YES_ERROR;
				GCC_WARN_UNDECLARED_SELECTOR = YES;
				GCC_WARN_UNINITIALIZED_AUTOS = YES_AGGRESSIVE;
				GCC_WARN_UNUSED_FUNCTION = YES;
				GCC_WARN_UNUSED_VARIABLE = YES;
				IPHONEOS_DEPLOYMENT_TARGET = 11.4;
				MTL_ENABLE_DEBUG_INFO = YES;
				ONLY_ACTIVE_ARCH = YES;
				SDKROOT = iphoneos;
				SWIFT_ACTIVE_COMPILATION_CONDITIONS = DEBUG;
				SWIFT_OPTIMIZATION_LEVEL = "-Onone";
			};
			name = Debug;
		};
		8F5EB67721C94F9900E929CF /* Release */ = {
			isa = XCBuildConfiguration;
			buildSettings = {
				ALWAYS_SEARCH_USER_PATHS = NO;
				CLANG_ANALYZER_NONNULL = YES;
				CLANG_ANALYZER_NUMBER_OBJECT_CONVERSION = YES_AGGRESSIVE;
				CLANG_CXX_LANGUAGE_STANDARD = "gnu++14";
				CLANG_CXX_LIBRARY = "libc++";
				CLANG_ENABLE_MODULES = YES;
				CLANG_ENABLE_OBJC_ARC = YES;
				CLANG_ENABLE_OBJC_WEAK = YES;
				CLANG_WARN_BLOCK_CAPTURE_AUTORELEASING = YES;
				CLANG_WARN_BOOL_CONVERSION = YES;
				CLANG_WARN_COMMA = YES;
				CLANG_WARN_CONSTANT_CONVERSION = YES;
				CLANG_WARN_DEPRECATED_OBJC_IMPLEMENTATIONS = YES;
				CLANG_WARN_DIRECT_OBJC_ISA_USAGE = YES_ERROR;
				CLANG_WARN_DOCUMENTATION_COMMENTS = YES;
				CLANG_WARN_EMPTY_BODY = YES;
				CLANG_WARN_ENUM_CONVERSION = YES;
				CLANG_WARN_INFINITE_RECURSION = YES;
				CLANG_WARN_INT_CONVERSION = YES;
				CLANG_WARN_NON_LITERAL_NULL_CONVERSION = YES;
				CLANG_WARN_OBJC_IMPLICIT_RETAIN_SELF = YES;
				CLANG_WARN_OBJC_LITERAL_CONVERSION = YES;
				CLANG_WARN_OBJC_ROOT_CLASS = YES_ERROR;
				CLANG_WARN_RANGE_LOOP_ANALYSIS = YES;
				CLANG_WARN_STRICT_PROTOTYPES = YES;
				CLANG_WARN_SUSPICIOUS_MOVE = YES;
				CLANG_WARN_UNGUARDED_AVAILABILITY = YES_AGGRESSIVE;
				CLANG_WARN_UNREACHABLE_CODE = YES;
				CLANG_WARN__DUPLICATE_METHOD_MATCH = YES;
				CODE_SIGN_IDENTITY = "iPhone Developer";
				COPY_PHASE_STRIP = NO;
				DEBUG_INFORMATION_FORMAT = "dwarf-with-dsym";
				ENABLE_NS_ASSERTIONS = NO;
				ENABLE_STRICT_OBJC_MSGSEND = YES;
				GCC_C_LANGUAGE_STANDARD = gnu11;
				GCC_NO_COMMON_BLOCKS = YES;
				GCC_WARN_64_TO_32_BIT_CONVERSION = YES;
				GCC_WARN_ABOUT_RETURN_TYPE = YES_ERROR;
				GCC_WARN_UNDECLARED_SELECTOR = YES;
				GCC_WARN_UNINITIALIZED_AUTOS = YES_AGGRESSIVE;
				GCC_WARN_UNUSED_FUNCTION = YES;
				GCC_WARN_UNUSED_VARIABLE = YES;
				IPHONEOS_DEPLOYMENT_TARGET = 11.4;
				MTL_ENABLE_DEBUG_INFO = NO;
				SDKROOT = iphoneos;
				SWIFT_COMPILATION_MODE = wholemodule;
				SWIFT_OPTIMIZATION_LEVEL = "-O";
				VALIDATE_PRODUCT = YES;
			};
			name = Release;
		};
		8F5EB67921C94F9900E929CF /* Debug */ = {
			isa = XCBuildConfiguration;
			baseConfigurationReference = 8D483F1A8BA2A912FCB74C55 /* Pods-HotchSports.debug.xcconfig */;
			buildSettings = {
				ASSETCATALOG_COMPILER_APPICON_NAME = AppIcon;
				CODE_SIGN_STYLE = Automatic;
				INFOPLIST_FILE = HotchSports/Info.plist;
				LD_RUNPATH_SEARCH_PATHS = (
					"$(inherited)",
					"@executable_path/Frameworks",
				);
				PRODUCT_BUNDLE_IDENTIFIER = org.Hotchkiss.HotchSports;
				PRODUCT_NAME = "$(TARGET_NAME)";
				SWIFT_VERSION = 4.0;
				TARGETED_DEVICE_FAMILY = "1,2";
			};
			name = Debug;
		};
		8F5EB67A21C94F9900E929CF /* Release */ = {
			isa = XCBuildConfiguration;
			baseConfigurationReference = F71150500A0DA30D44DA4B3F /* Pods-HotchSports.release.xcconfig */;
			buildSettings = {
				ASSETCATALOG_COMPILER_APPICON_NAME = AppIcon;
				CODE_SIGN_STYLE = Automatic;
				INFOPLIST_FILE = HotchSports/Info.plist;
				LD_RUNPATH_SEARCH_PATHS = (
					"$(inherited)",
					"@executable_path/Frameworks",
				);
				PRODUCT_BUNDLE_IDENTIFIER = org.Hotchkiss.HotchSports;
				PRODUCT_NAME = "$(TARGET_NAME)";
				SWIFT_VERSION = 4.0;
				TARGETED_DEVICE_FAMILY = "1,2";
			};
			name = Release;
		};
		8F5EB67C21C94F9900E929CF /* Debug */ = {
			isa = XCBuildConfiguration;
			baseConfigurationReference = A42E559C4BE601B900505732 /* Pods-HotchSportsTests.debug.xcconfig */;
			buildSettings = {
				ALWAYS_EMBED_SWIFT_STANDARD_LIBRARIES = YES;
				BUNDLE_LOADER = "$(TEST_HOST)";
				CODE_SIGN_STYLE = Automatic;
				INFOPLIST_FILE = HotchSportsTests/Info.plist;
				LD_RUNPATH_SEARCH_PATHS = (
					"$(inherited)",
					"@executable_path/Frameworks",
					"@loader_path/Frameworks",
				);
				PRODUCT_BUNDLE_IDENTIFIER = org.Hotchkiss.HotchSportsTests;
				PRODUCT_NAME = "$(TARGET_NAME)";
				SWIFT_VERSION = 4.0;
				TARGETED_DEVICE_FAMILY = "1,2";
				TEST_HOST = "$(BUILT_PRODUCTS_DIR)/HotchSports.app/HotchSports";
			};
			name = Debug;
		};
		8F5EB67D21C94F9900E929CF /* Release */ = {
			isa = XCBuildConfiguration;
			baseConfigurationReference = 22EF3335A3A930B6B852D972 /* Pods-HotchSportsTests.release.xcconfig */;
			buildSettings = {
				ALWAYS_EMBED_SWIFT_STANDARD_LIBRARIES = YES;
				BUNDLE_LOADER = "$(TEST_HOST)";
				CODE_SIGN_STYLE = Automatic;
				INFOPLIST_FILE = HotchSportsTests/Info.plist;
				LD_RUNPATH_SEARCH_PATHS = (
					"$(inherited)",
					"@executable_path/Frameworks",
					"@loader_path/Frameworks",
				);
				PRODUCT_BUNDLE_IDENTIFIER = org.Hotchkiss.HotchSportsTests;
				PRODUCT_NAME = "$(TARGET_NAME)";
				SWIFT_VERSION = 4.0;
				TARGETED_DEVICE_FAMILY = "1,2";
				TEST_HOST = "$(BUILT_PRODUCTS_DIR)/HotchSports.app/HotchSports";
			};
			name = Release;
		};
		8F5EB67F21C94F9900E929CF /* Debug */ = {
			isa = XCBuildConfiguration;
			baseConfigurationReference = 9275BB5EE6B5ED666064BEA0 /* Pods-HotchSportsUITests.debug.xcconfig */;
			buildSettings = {
				ALWAYS_EMBED_SWIFT_STANDARD_LIBRARIES = YES;
				CODE_SIGN_STYLE = Automatic;
				INFOPLIST_FILE = HotchSportsUITests/Info.plist;
				LD_RUNPATH_SEARCH_PATHS = (
					"$(inherited)",
					"@executable_path/Frameworks",
					"@loader_path/Frameworks",
				);
				PRODUCT_BUNDLE_IDENTIFIER = org.Hotchkiss.HotchSportsUITests;
				PRODUCT_NAME = "$(TARGET_NAME)";
				SWIFT_VERSION = 4.0;
				TARGETED_DEVICE_FAMILY = "1,2";
				TEST_TARGET_NAME = HotchSports;
			};
			name = Debug;
		};
		8F5EB68021C94F9900E929CF /* Release */ = {
			isa = XCBuildConfiguration;
			baseConfigurationReference = 3AD3AE84D9D211C53795C791 /* Pods-HotchSportsUITests.release.xcconfig */;
			buildSettings = {
				ALWAYS_EMBED_SWIFT_STANDARD_LIBRARIES = YES;
				CODE_SIGN_STYLE = Automatic;
				INFOPLIST_FILE = HotchSportsUITests/Info.plist;
				LD_RUNPATH_SEARCH_PATHS = (
					"$(inherited)",
					"@executable_path/Frameworks",
					"@loader_path/Frameworks",
				);
				PRODUCT_BUNDLE_IDENTIFIER = org.Hotchkiss.HotchSportsUITests;
				PRODUCT_NAME = "$(TARGET_NAME)";
				SWIFT_VERSION = 4.0;
				TARGETED_DEVICE_FAMILY = "1,2";
				TEST_TARGET_NAME = HotchSports;
			};
			name = Release;
		};
/* End XCBuildConfiguration section */

/* Begin XCConfigurationList section */
		8F5EB64B21C94F9700E929CF /* Build configuration list for PBXProject "HotchSports" */ = {
			isa = XCConfigurationList;
			buildConfigurations = (
				8F5EB67621C94F9900E929CF /* Debug */,
				8F5EB67721C94F9900E929CF /* Release */,
			);
			defaultConfigurationIsVisible = 0;
			defaultConfigurationName = Release;
		};
		8F5EB67821C94F9900E929CF /* Build configuration list for PBXNativeTarget "HotchSports" */ = {
			isa = XCConfigurationList;
			buildConfigurations = (
				8F5EB67921C94F9900E929CF /* Debug */,
				8F5EB67A21C94F9900E929CF /* Release */,
			);
			defaultConfigurationIsVisible = 0;
			defaultConfigurationName = Release;
		};
		8F5EB67B21C94F9900E929CF /* Build configuration list for PBXNativeTarget "HotchSportsTests" */ = {
			isa = XCConfigurationList;
			buildConfigurations = (
				8F5EB67C21C94F9900E929CF /* Debug */,
				8F5EB67D21C94F9900E929CF /* Release */,
			);
			defaultConfigurationIsVisible = 0;
			defaultConfigurationName = Release;
		};
		8F5EB67E21C94F9900E929CF /* Build configuration list for PBXNativeTarget "HotchSportsUITests" */ = {
			isa = XCConfigurationList;
			buildConfigurations = (
				8F5EB67F21C94F9900E929CF /* Debug */,
				8F5EB68021C94F9900E929CF /* Release */,
			);
			defaultConfigurationIsVisible = 0;
			defaultConfigurationName = Release;
		};
/* End XCConfigurationList section */
	};
	rootObject = 8F5EB64821C94F9700E929CF /* Project object */;
}
